
Microsoft Visual Studio Solution File, Format Version 12.00
# Visual Studio 15
VisualStudioVersion = 15.0.28307.705
MinimumVisualStudioVersion = 10.0.40219.1
Project("{FAE04EC0-301F-11D3-BF4B-00C04F79EFBC}") = "Registion", "Registion\Registion.csproj", "{A9682139-B735-4F5A-8394-EB5BE6160EC9}"
EndProject
Global
	GlobalSection(SolutionConfigurationPlatforms) = preSolution
		Debug|Any CPU = Debug|Any CPU
		Release|Any CPU = Release|Any CPU
	EndGlobalSection
	GlobalSection(ProjectConfigurationPlatforms) = postSolution
		{A9682139-B735-4F5A-8394-EB5BE6160EC9}.Debug|Any CPU.ActiveCfg = Debug|Any CPU
		{A9682139-B735-4F5A-8394-EB5BE6160EC9}.Debug|Any CPU.Build.0 = Debug|Any CPU
		{A9682139-B735-4F5A-8394-EB5BE6160EC9}.Release|Any CPU.ActiveCfg = Release|Any CPU
		{A9682139-B735-4F5A-8394-EB5BE6160EC9}.Release|Any CPU.Build.0 = Release|Any CPU
	EndGlobalSection
	GlobalSection(SolutionProperties) = preSolution
		HideSolutionNode = FALSE
	EndGlobalSection
	GlobalSection(ExtensibilityGlobals) = postSolution
		SolutionGuid = {5ED8DBFF-48EC-41FB-BCA3-8351B34ADAB0}
	EndGlobalSection
EndGlobal
